// !$*UTF8*$!
{
	archiveVersion = 1;
	classes = {
	};
	objectVersion = 55;
	objects = {

/* Begin PBXBuildFile section */
		046C2B202733B32A00003A98 /* ScrumDingerApp.swift in Sources */ = {isa = PBXBuildFile; fileRef = 046C2B1F2733B32A00003A98 /* ScrumDingerApp.swift */; };
		046C2B222733B32A00003A98 /* ContentView.swift in Sources */ = {isa = PBXBuildFile; fileRef = 046C2B212733B32A00003A98 /* ContentView.swift */; };
		046C2B242733B32F00003A98 /* Assets.xcassets in Resources */ = {isa = PBXBuildFile; fileRef = 046C2B232733B32F00003A98 /* Assets.xcassets */; };
		046C2B272733B32F00003A98 /* Preview Assets.xcassets in Resources */ = {isa = PBXBuildFile; fileRef = 046C2B262733B32F00003A98 /* Preview Assets.xcassets */; };
		046C2B312733B32F00003A98 /* ScrumDingerTests.swift in Sources */ = {isa = PBXBuildFile; fileRef = 046C2B302733B32F00003A98 /* ScrumDingerTests.swift */; };
		046C2B3B2733B32F00003A98 /* ScrumDingerUITests.swift in Sources */ = {isa = PBXBuildFile; fileRef = 046C2B3A2733B32F00003A98 /* ScrumDingerUITests.swift */; };
		046C2B3D2733B32F00003A98 /* ScrumDingerUITestsLaunchTests.swift in Sources */ = {isa = PBXBuildFile; fileRef = 046C2B3C2733B32F00003A98 /* ScrumDingerUITestsLaunchTests.swift */; };
/* End PBXBuildFile section */

/* Begin PBXContainerItemProxy section */
		046C2B2D2733B32F00003A98 /* PBXContainerItemProxy */ = {
			isa = PBXContainerItemProxy;
			containerPortal = 046C2B142733B32A00003A98 /* Project object */;
			proxyType = 1;
			remoteGlobalIDString = 046C2B1B2733B32A00003A98;
			remoteInfo = ScrumDinger;
		};
		046C2B372733B32F00003A98 /* PBXContainerItemProxy */ = {
			isa = PBXContainerItemProxy;
			containerPortal = 046C2B142733B32A00003A98 /* Project object */;
			proxyType = 1;
			remoteGlobalIDString = 046C2B1B2733B32A00003A98;
			remoteInfo = ScrumDinger;
		};
/* End PBXContainerItemProxy section */

/* Begin PBXFileReference section */
		046C2B1C2733B32A00003A98 /* ScrumDinger.app */ = {isa = PBXFileReference; explicitFileType = wrapper.application; includeInIndex = 0; path = ScrumDinger.app; sourceTree = BUILT_PRODUCTS_DIR; };
		046C2B1F2733B32A00003A98 /* ScrumDingerApp.swift */ = {isa = PBXFileReference; lastKnownFileType = sourcecode.swift; path = ScrumDingerApp.swift; sourceTree = "<group>"; };
		046C2B212733B32A00003A98 /* ContentView.swift */ = {isa = PBXFileReference; lastKnownFileType = sourcecode.swift; path = ContentView.swift; sourceTree = "<group>"; };
		046C2B232733B32F00003A98 /* Assets.xcassets */ = {isa = PBXFileReference; lastKnownFileType = folder.assetcatalog; path = Assets.xcassets; sourceTree = "<group>"; };
		046C2B262733B32F00003A98 /* Preview Assets.xcassets */ = {isa = PBXFileReference; lastKnownFileType = folder.assetcatalog; path = "Preview Assets.xcassets"; sourceTree = "<group>"; };
		046C2B2C2733B32F00003A98 /* ScrumDingerTests.xctest */ = {isa = PBXFileReference; explicitFileType = wrapper.cfbundle; includeInIndex = 0; path = ScrumDingerTests.xctest; sourceTree = BUILT_PRODUCTS_DIR; };
		046C2B302733B32F00003A98 /* ScrumDingerTests.swift */ = {isa = PBXFileReference; lastKnownFileType = sourcecode.swift; path = ScrumDingerTests.swift; sourceTree = "<group>"; };
		046C2B362733B32F00003A98 /* ScrumDingerUITests.xctest */ = {isa = PBXFileReference; explicitFileType = wrapper.cfbundle; includeInIndex = 0; path = ScrumDingerUITests.xctest; sourceTree = BUILT_PRODUCTS_DIR; };
		046C2B3A2733B32F00003A98 /* ScrumDingerUITests.swift */ = {isa = PBXFileReference; lastKnownFileType = sourcecode.swift; path = ScrumDingerUITests.swift; sourceTree = "<group>"; };
		046C2B3C2733B32F00003A98 /* ScrumDingerUITestsLaunchTests.swift */ = {isa = PBXFileReference; lastKnownFileType = sourcecode.swift; path = ScrumDingerUITestsLaunchTests.swift; sourceTree = "<group>"; };
/* End PBXFileReference section */

/* Begin PBXFrameworksBuildPhase section */
		046C2B192733B32A00003A98 /* Frameworks */ = {
			isa = PBXFrameworksBuildPhase;
			buildActionMask = 2147483647;
			files = (
			);
			runOnlyForDeploymentPostprocessing = 0;
		};
		046C2B292733B32F00003A98 /* Frameworks */ = {
			isa = PBXFrameworksBuildPhase;
			buildActionMask = 2147483647;
			files = (
			);
			runOnlyForDeploymentPostprocessing = 0;
		};
		046C2B332733B32F00003A98 /* Frameworks */ = {
			isa = PBXFrameworksBuildPhase;
			buildActionMask = 2147483647;
			files = (
			);
			runOnlyForDeploymentPostprocessing = 0;
		};
/* End PBXFrameworksBuildPhase section */

/* Begin PBXGroup section */
		046C2B132733B32A00003A98 = {
			isa = PBXGroup;
			children = (
				046C2B1E2733B32A00003A98 /* ScrumDinger */,
				046C2B2F2733B32F00003A98 /* ScrumDingerTests */,
				046C2B392733B32F00003A98 /* ScrumDingerUITests */,
				046C2B1D2733B32A00003A98 /* Products */,
			);
			sourceTree = "<group>";
		};
		046C2B1D2733B32A00003A98 /* Products */ = {
			isa = PBXGroup;
			children = (
				046C2B1C2733B32A00003A98 /* ScrumDinger.app */,
				046C2B2C2733B32F00003A98 /* ScrumDingerTests.xctest */,
				046C2B362733B32F00003A98 /* ScrumDingerUITests.xctest */,
			);
			name = Products;
			sourceTree = "<group>";
		};
		046C2B1E2733B32A00003A98 /* ScrumDinger */ = {
			isa = PBXGroup;
			children = (
				046C2B1F2733B32A00003A98 /* ScrumDingerApp.swift */,
				046C2B212733B32A00003A98 /* ContentView.swift */,
				046C2B232733B32F00003A98 /* Assets.xcassets */,
				046C2B252733B32F00003A98 /* Preview Content */,
			);
			path = ScrumDinger;
			sourceTree = "<group>";
		};
		046C2B252733B32F00003A98 /* Preview Content */ = {
			isa = PBXGroup;
			children = (
				046C2B262733B32F00003A98 /* Preview Assets.xcassets */,
			);
			path = "Preview Content";
			sourceTree = "<group>";
		};
		046C2B2F2733B32F00003A98 /* ScrumDingerTests */ = {
			isa = PBXGroup;
			children = (
				046C2B302733B32F00003A98 /* ScrumDingerTests.swift */,
			);
			path = ScrumDingerTests;
			sourceTree = "<group>";
		};
		046C2B392733B32F00003A98 /* ScrumDingerUITests */ = {
			isa = PBXGroup;
			children = (
				046C2B3A2733B32F00003A98 /* ScrumDingerUITests.swift */,
				046C2B3C2733B32F00003A98 /* ScrumDingerUITestsLaunchTests.swift */,
			);
			path = ScrumDingerUITests;
			sourceTree = "<group>";
		};
/* End PBXGroup section */

/* Begin PBXNativeTarget section */
		046C2B1B2733B32A00003A98 /* ScrumDinger */ = {
			isa = PBXNativeTarget;
			buildConfigurationList = 046C2B402733B32F00003A98 /* Build configuration list for PBXNativeTarget "ScrumDinger" */;
			buildPhases = (
				046C2B182733B32A00003A98 /* Sources */,
				046C2B192733B32A00003A98 /* Frameworks */,
				046C2B1A2733B32A00003A98 /* Resources */,
			);
			buildRules = (
			);
			dependencies = (
			);
			name = ScrumDinger;
			productName = ScrumDinger;
			productReference = 046C2B1C2733B32A00003A98 /* ScrumDinger.app */;
			productType = "com.apple.product-type.application";
		};
		046C2B2B2733B32F00003A98 /* ScrumDingerTests */ = {
			isa = PBXNativeTarget;
			buildConfigurationList = 046C2B432733B32F00003A98 /* Build configuration list for PBXNativeTarget "ScrumDingerTests" */;
			buildPhases = (
				046C2B282733B32F00003A98 /* Sources */,
				046C2B292733B32F00003A98 /* Frameworks */,
				046C2B2A2733B32F00003A98 /* Resources */,
			);
			buildRules = (
			);
			dependencies = (
				046C2B2E2733B32F00003A98 /* PBXTargetDependency */,
			);
			name = ScrumDingerTests;
			productName = ScrumDingerTests;
			productReference = 046C2B2C2733B32F00003A98 /* ScrumDingerTests.xctest */;
			productType = "com.apple.product-type.bundle.unit-test";
		};
		046C2B352733B32F00003A98 /* ScrumDingerUITests */ = {
			isa = PBXNativeTarget;
			buildConfigurationList = 046C2B462733B32F00003A98 /* Build configuration list for PBXNativeTarget "ScrumDingerUITests" */;
			buildPhases = (
				046C2B322733B32F00003A98 /* Sources */,
				046C2B332733B32F00003A98 /* Frameworks */,
				046C2B342733B32F00003A98 /* Resources */,
			);
			buildRules = (
			);
			dependencies = (
				046C2B382733B32F00003A98 /* PBXTargetDependency */,
			);
			name = ScrumDingerUITests;
			productName = ScrumDingerUITests;
			productReference = 046C2B362733B32F00003A98 /* ScrumDingerUITests.xctest */;
			productType = "com.apple.product-type.bundle.ui-testing";
		};
/* End PBXNativeTarget section */

/* Begin PBXProject section */
		046C2B142733B32A00003A98 /* Project object */ = {
			isa = PBXProject;
			attributes = {
				BuildIndependentTargetsInParallel = 1;
				LastSwiftUpdateCheck = 1310;
				LastUpgradeCheck = 1310;
				TargetAttributes = {
					046C2B1B2733B32A00003A98 = {
						CreatedOnToolsVersion = 13.1;
					};
					046C2B2B2733B32F00003A98 = {
						CreatedOnToolsVersion = 13.1;
						TestTargetID = 046C2B1B2733B32A00003A98;
					};
					046C2B352733B32F00003A98 = {
						CreatedOnToolsVersion = 13.1;
						TestTargetID = 046C2B1B2733B32A00003A98;
					};
				};
			};
			buildConfigurationList = 046C2B172733B32A00003A98 /* Build configuration list for PBXProject "ScrumDinger" */;
			compatibilityVersion = "Xcode 13.0";
			developmentRegion = en;
			hasScannedForEncodings = 0;
			knownRegions = (
				en,
				Base,
			);
			mainGroup = 046C2B132733B32A00003A98;
			productRefGroup = 046C2B1D2733B32A00003A98 /* Products */;
			projectDirPath = "";
			projectRoot = "";
			targets = (
				046C2B1B2733B32A00003A98 /* ScrumDinger */,
				046C2B2B2733B32F00003A98 /* ScrumDingerTests */,
				046C2B352733B32F00003A98 /* ScrumDingerUITests */,
			);
		};
/* End PBXProject section */

/* Begin PBXResourcesBuildPhase section */
		046C2B1A2733B32A00003A98 /* Resources */ = {
			isa = PBXResourcesBuildPhase;
			buildActionMask = 2147483647;
			files = (
				046C2B272733B32F00003A98 /* Preview Assets.xcassets in Resources */,
				046C2B242733B32F00003A98 /* Assets.xcassets in Resources */,
			);
			runOnlyForDeploymentPostprocessing = 0;
		};
		046C2B2A2733B32F00003A98 /* Resources */ = {
			isa = PBXResourcesBuildPhase;
			buildActionMask = 2147483647;
			files = (
			);
			runOnlyForDeploymentPostprocessing = 0;
		};
		046C2B342733B32F00003A98 /* Resources */ = {
			isa = PBXResourcesBuildPhase;
			buildActionMask = 2147483647;
			files = (
			);
			runOnlyForDeploymentPostprocessing = 0;
		};
/* End PBXResourcesBuildPhase section */

/* Begin PBXSourcesBuildPhase section */
		046C2B182733B32A00003A98 /* Sources */ = {
			isa = PBXSourcesBuildPhase;
			buildActionMask = 2147483647;
			files = (
				046C2B222733B32A00003A98 /* ContentView.swift in Sources */,
				046C2B202733B32A00003A98 /* ScrumDingerApp.swift in Sources */,
			);
			runOnlyForDeploymentPostprocessing = 0;
		};
		046C2B282733B32F00003A98 /* Sources */ = {
			isa = PBXSourcesBuildPhase;
			buildActionMask = 2147483647;
			files = (
				046C2B312733B32F00003A98 /* ScrumDingerTests.swift in Sources */,
			);
			runOnlyForDeploymentPostprocessing = 0;
		};
		046C2B322733B32F00003A98 /* Sources */ = {
			isa = PBXSourcesBuildPhase;
			buildActionMask = 2147483647;
			files = (
				046C2B3D2733B32F00003A98 /* ScrumDingerUITestsLaunchTests.swift in Sources */,
				046C2B3B2733B32F00003A98 /* ScrumDingerUITests.swift in Sources */,
			);
			runOnlyForDeploymentPostprocessing = 0;
		};
/* End PBXSourcesBuildPhase section */

/* Begin PBXTargetDependency section */
		046C2B2E2733B32F00003A98 /* PBXTargetDependency */ = {
			isa = PBXTargetDependency;
			target = 046C2B1B2733B32A00003A98 /* ScrumDinger */;
			targetProxy = 046C2B2D2733B32F00003A98 /* PBXContainerItemProxy */;
		};
		046C2B382733B32F00003A98 /* PBXTargetDependency */ = {
			isa = PBXTargetDependency;
			target = 046C2B1B2733B32A00003A98 /* ScrumDinger */;
			targetProxy = 046C2B372733B32F00003A98 /* PBXContainerItemProxy */;
		};
/* End PBXTargetDependency section */

/* Begin XCBuildConfiguration section */
		046C2B3E2733B32F00003A98 /* Debug */ = {
			isa = XCBuildConfiguration;
			buildSettings = {
				ALWAYS_SEARCH_USER_PATHS = NO;
				CLANG_ANALYZER_NONNULL = YES;
				CLANG_ANALYZER_NUMBER_OBJECT_CONVERSION = YES_AGGRESSIVE;
				CLANG_CXX_LANGUAGE_STANDARD = "gnu++17";
				CLANG_CXX_LIBRARY = "libc++";
				CLANG_ENABLE_MODULES = YES;
				CLANG_ENABLE_OBJC_ARC = YES;
				CLANG_ENABLE_OBJC_WEAK = YES;
				CLANG_WARN_BLOCK_CAPTURE_AUTORELEASING = YES;
				CLANG_WARN_BOOL_CONVERSION = YES;
				CLANG_WARN_COMMA = YES;
				CLANG_WARN_CONSTANT_CONVERSION = YES;
				CLANG_WARN_DEPRECATED_OBJC_IMPLEMENTATIONS = YES;
				CLANG_WARN_DIRECT_OBJC_ISA_USAGE = YES_ERROR;
				CLANG_WARN_DOCUMENTATION_COMMENTS = YES;
				CLANG_WARN_EMPTY_BODY = YES;
				CLANG_WARN_ENUM_CONVERSION = YES;
				CLANG_WARN_INFINITE_RECURSION = YES;
				CLANG_WARN_INT_CONVERSION = YES;
				CLANG_WARN_NON_LITERAL_NULL_CONVERSION = YES;
				CLANG_WARN_OBJC_IMPLICIT_RETAIN_SELF = YES;
				CLANG_WARN_OBJC_LITERAL_CONVERSION = YES;
				CLANG_WARN_OBJC_ROOT_CLASS = YES_ERROR;
				CLANG_WARN_QUOTED_INCLUDE_IN_FRAMEWORK_HEADER = YES;
				CLANG_WARN_RANGE_LOOP_ANALYSIS = YES;
				CLANG_WARN_STRICT_PROTOTYPES = YES;
				CLANG_WARN_SUSPICIOUS_MOVE = YES;
				CLANG_WARN_UNGUARDED_AVAILABILITY = YES_AGGRESSIVE;
				CLANG_WARN_UNREACHABLE_CODE = YES;
				CLANG_WARN__DUPLICATE_METHOD_MATCH = YES;
				COPY_PHASE_STRIP = NO;
				DEBUG_INFORMATION_FORMAT = dwarf;
				ENABLE_STRICT_OBJC_MSGSEND = YES;
				ENABLE_TESTABILITY = YES;
				GCC_C_LANGUAGE_STANDARD = gnu11;
				GCC_DYNAMIC_NO_PIC = NO;
				GCC_NO_COMMON_BLOCKS = YES;
				GCC_OPTIMIZATION_LEVEL = 0;
				GCC_PREPROCESSOR_DEFINITIONS = (
					"DEBUG=1",
					"$(inherited)",
				);
				GCC_WARN_64_TO_32_BIT_CONVERSION = YES;
				GCC_WARN_ABOUT_RETURN_TYPE = YES_ERROR;
				GCC_WARN_UNDECLARED_SELECTOR = YES;
				GCC_WARN_UNINITIALIZED_AUTOS = YES_AGGRESSIVE;
				GCC_WARN_UNUSED_FUNCTION = YES;
				GCC_WARN_UNUSED_VARIABLE = YES;
				IPHONEOS_DEPLOYMENT_TARGET = 15.0;
				MTL_ENABLE_DEBUG_INFO = INCLUDE_SOURCE;
				MTL_FAST_MATH = YES;
				ONLY_ACTIVE_ARCH = YES;
				SDKROOT = iphoneos;
				SWIFT_ACTIVE_COMPILATION_CONDITIONS = DEBUG;
				SWIFT_OPTIMIZATION_LEVEL = "-Onone";
			};
			name = Debug;
		};
		046C2B3F2733B32F00003A98 /* Release */ = {
			isa = XCBuildConfiguration;
			buildSettings = {
				ALWAYS_SEARCH_USER_PATHS = NO;
				CLANG_ANALYZER_NONNULL = YES;
				CLANG_ANALYZER_NUMBER_OBJECT_CONVERSION = YES_AGGRESSIVE;
				CLANG_CXX_LANGUAGE_STANDARD = "gnu++17";
				CLANG_CXX_LIBRARY = "libc++";
				CLANG_ENABLE_MODULES = YES;
				CLANG_ENABLE_OBJC_ARC = YES;
				CLANG_ENABLE_OBJC_WEAK = YES;
				CLANG_WARN_BLOCK_CAPTURE_AUTORELEASING = YES;
				CLANG_WARN_BOOL_CONVERSION = YES;
				CLANG_WARN_COMMA = YES;
				CLANG_WARN_CONSTANT_CONVERSION = YES;
				CLANG_WARN_DEPRECATED_OBJC_IMPLEMENTATIONS = YES;
				CLANG_WARN_DIRECT_OBJC_ISA_USAGE = YES_ERROR;
				CLANG_WARN_DOCUMENTATION_COMMENTS = YES;
				CLANG_WARN_EMPTY_BODY = YES;
				CLANG_WARN_ENUM_CONVERSION = YES;
				CLANG_WARN_INFINITE_RECURSION = YES;
				CLANG_WARN_INT_CONVERSION = YES;
				CLANG_WARN_NON_LITERAL_NULL_CONVERSION = YES;
				CLANG_WARN_OBJC_IMPLICIT_RETAIN_SELF = YES;
				CLANG_WARN_OBJC_LITERAL_CONVERSION = YES;
				CLANG_WARN_OBJC_ROOT_CLASS = YES_ERROR;
				CLANG_WARN_QUOTED_INCLUDE_IN_FRAMEWORK_HEADER = YES;
				CLANG_WARN_RANGE_LOOP_ANALYSIS = YES;
				CLANG_WARN_STRICT_PROTOTYPES = YES;
				CLANG_WARN_SUSPICIOUS_MOVE = YES;
				CLANG_WARN_UNGUARDED_AVAILABILITY = YES_AGGRESSIVE;
				CLANG_WARN_UNREACHABLE_CODE = YES;
				CLANG_WARN__DUPLICATE_METHOD_MATCH = YES;
				COPY_PHASE_STRIP = NO;
				DEBUG_INFORMATION_FORMAT = "dwarf-with-dsym";
				ENABLE_NS_ASSERTIONS = NO;
				ENABLE_STRICT_OBJC_MSGSEND = YES;
				GCC_C_LANGUAGE_STANDARD = gnu11;
				GCC_NO_COMMON_BLOCKS = YES;
				GCC_WARN_64_TO_32_BIT_CONVERSION = YES;
				GCC_WARN_ABOUT_RETURN_TYPE = YES_ERROR;
				GCC_WARN_UNDECLARED_SELECTOR = YES;
				GCC_WARN_UNINITIALIZED_AUTOS = YES_AGGRESSIVE;
				GCC_WARN_UNUSED_FUNCTION = YES;
				GCC_WARN_UNUSED_VARIABLE = YES;
				IPHONEOS_DEPLOYMENT_TARGET = 15.0;
				MTL_ENABLE_DEBUG_INFO = NO;
				MTL_FAST_MATH = YES;
				SDKROOT = iphoneos;
				SWIFT_COMPILATION_MODE = wholemodule;
				SWIFT_OPTIMIZATION_LEVEL = "-O";
				VALIDATE_PRODUCT = YES;
			};
			name = Release;
		};
		046C2B412733B32F00003A98 /* Debug */ = {
			isa = XCBuildConfiguration;
			buildSettings = {
				ASSETCATALOG_COMPILER_APPICON_NAME = AppIcon;
				ASSETCATALOG_COMPILER_GLOBAL_ACCENT_COLOR_NAME = AccentColor;
				CODE_SIGN_STYLE = Automatic;
				CURRENT_PROJECT_VERSION = 1;
				DEVELOPMENT_ASSET_PATHS = "\"ScrumDinger/Preview Content\"";
				ENABLE_PREVIEWS = YES;
				GENERATE_INFOPLIST_FILE = YES;
				INFOPLIST_KEY_UIApplicationSceneManifest_Generation = YES;
				INFOPLIST_KEY_UIApplicationSupportsIndirectInputEvents = YES;
				INFOPLIST_KEY_UILaunchScreen_Generation = YES;
				INFOPLIST_KEY_UISupportedInterfaceOrientations_iPad = "UIInterfaceOrientationPortrait UIInterfaceOrientationPortraitUpsideDown UIInterfaceOrientationLandscapeLeft UIInterfaceOrientationLandscapeRight";
				INFOPLIST_KEY_UISupportedInterfaceOrientations_iPhone = "UIInterfaceOrientationPortrait UIInterfaceOrientationLandscapeLeft UIInterfaceOrientationLandscapeRight";
				LD_RUNPATH_SEARCH_PATHS = (
					"$(inherited)",
					"@executable_path/Frameworks",
				);
				MARKETING_VERSION = 1.0;
				PRODUCT_BUNDLE_IDENTIFIER = devmike.ScrumDinger;
				PRODUCT_NAME = "$(TARGET_NAME)";
				SWIFT_EMIT_LOC_STRINGS = YES;
				SWIFT_VERSION = 5.0;
				TARGETED_DEVICE_FAMILY = "1,2";
			};
			name = Debug;
		};
		046C2B422733B32F00003A98 /* Release */ = {
			isa = XCBuildConfiguration;
			buildSettings = {
				ASSETCATALOG_COMPILER_APPICON_NAME = AppIcon;
				ASSETCATALOG_COMPILER_GLOBAL_ACCENT_COLOR_NAME = AccentColor;
				CODE_SIGN_STYLE = Automatic;
				CURRENT_PROJECT_VERSION = 1;
				DEVELOPMENT_ASSET_PATHS = "\"ScrumDinger/Preview Content\"";
				ENABLE_PREVIEWS = YES;
				GENERATE_INFOPLIST_FILE = YES;
				INFOPLIST_KEY_UIApplicationSceneManifest_Generation = YES;
				INFOPLIST_KEY_UIApplicationSupportsIndirectInputEvents = YES;
				INFOPLIST_KEY_UILaunchScreen_Generation = YES;
				INFOPLIST_KEY_UISupportedInterfaceOrientations_iPad = "UIInterfaceOrientationPortrait UIInterfaceOrientationPortraitUpsideDown UIInterfaceOrientationLandscapeLeft UIInterfaceOrientationLandscapeRight";
				INFOPLIST_KEY_UISupportedInterfaceOrientations_iPhone = "UIInterfaceOrientationPortrait UIInterfaceOrientationLandscapeLeft UIInterfaceOrientationLandscapeRight";
				LD_RUNPATH_SEARCH_PATHS = (
					"$(inherited)",
					"@executable_path/Frameworks",
				);
				MARKETING_VERSION = 1.0;
				PRODUCT_BUNDLE_IDENTIFIER = devmike.ScrumDinger;
				PRODUCT_NAME = "$(TARGET_NAME)";
				SWIFT_EMIT_LOC_STRINGS = YES;
				SWIFT_VERSION = 5.0;
				TARGETED_DEVICE_FAMILY = "1,2";
			};
			name = Release;
		};
		046C2B442733B32F00003A98 /* Debug */ = {
			isa = XCBuildConfiguration;
			buildSettings = {
				ALWAYS_EMBED_SWIFT_STANDARD_LIBRARIES = YES;
				BUNDLE_LOADER = "$(TEST_HOST)";
				CODE_SIGN_STYLE = Automatic;
				CURRENT_PROJECT_VERSION = 1;
				GENERATE_INFOPLIST_FILE = YES;
				IPHONEOS_DEPLOYMENT_TARGET = 15.0;
				LD_RUNPATH_SEARCH_PATHS = (
					"$(inherited)",
					"@executable_path/Frameworks",
					"@loader_path/Frameworks",
				);
				MARKETING_VERSION = 1.0;
				PRODUCT_BUNDLE_IDENTIFIER = devmike.ScrumDingerTests;
				PRODUCT_NAME = "$(TARGET_NAME)";
				SWIFT_EMIT_LOC_STRINGS = NO;
				SWIFT_VERSION = 5.0;
				TARGETED_DEVICE_FAMILY = "1,2";
				TEST_HOST = "$(BUILT_PRODUCTS_DIR)/ScrumDinger.app/ScrumDinger";
			};
			name = Debug;
		};
		046C2B452733B32F00003A98 /* Release */ = {
			isa = XCBuildConfiguration;
			buildSettings = {
				ALWAYS_EMBED_SWIFT_STANDARD_LIBRARIES = YES;
				BUNDLE_LOADER = "$(TEST_HOST)";
				CODE_SIGN_STYLE = Automatic;
				CURRENT_PROJECT_VERSION = 1;
				GENERATE_INFOPLIST_FILE = YES;
				IPHONEOS_DEPLOYMENT_TARGET = 15.0;
				LD_RUNPATH_SEARCH_PATHS = (
					"$(inherited)",
					"@executable_path/Frameworks",
					"@loader_path/Frameworks",
				);
				MARKETING_VERSION = 1.0;
				PRODUCT_BUNDLE_IDENTIFIER = devmike.ScrumDingerTests;
				PRODUCT_NAME = "$(TARGET_NAME)";
				SWIFT_EMIT_LOC_STRINGS = NO;
				SWIFT_VERSION = 5.0;
				TARGETED_DEVICE_FAMILY = "1,2";
				TEST_HOST = "$(BUILT_PRODUCTS_DIR)/ScrumDinger.app/ScrumDinger";
			};
			name = Release;
		};
		046C2B472733B32F00003A98 /* Debug */ = {
			isa = XCBuildConfiguration;
			buildSettings = {
				ALWAYS_EMBED_SWIFT_STANDARD_LIBRARIES = YES;
				CODE_SIGN_STYLE = Automatic;
				CURRENT_PROJECT_VERSION = 1;
				GENERATE_INFOPLIST_FILE = YES;
				LD_RUNPATH_SEARCH_PATHS = (
					"$(inherited)",
					"@executable_path/Frameworks",
					"@loader_path/Frameworks",
				);
				MARKETING_VERSION = 1.0;
				PRODUCT_BUNDLE_IDENTIFIER = devmike.ScrumDingerUITests;
				PRODUCT_NAME = "$(TARGET_NAME)";
				SWIFT_EMIT_LOC_STRINGS = NO;
				SWIFT_VERSION = 5.0;
				TARGETED_DEVICE_FAMILY = "1,2";
				TEST_TARGET_NAME = ScrumDinger;
			};
			name = Debug;
		};
		046C2B482733B32F00003A98 /* Release */ = {
			isa = XCBuildConfiguration;
			buildSettings = {
				ALWAYS_EMBED_SWIFT_STANDARD_LIBRARIES = YES;
				CODE_SIGN_STYLE = Automatic;
				CURRENT_PROJECT_VERSION = 1;
				GENERATE_INFOPLIST_FILE = YES;
				LD_RUNPATH_SEARCH_PATHS = (
					"$(inherited)",
					"@executable_path/Frameworks",
					"@loader_path/Frameworks",
				);
				MARKETING_VERSION = 1.0;
				PRODUCT_BUNDLE_IDENTIFIER = devmike.ScrumDingerUITests;
				PRODUCT_NAME = "$(TARGET_NAME)";
				SWIFT_EMIT_LOC_STRINGS = NO;
				SWIFT_VERSION = 5.0;
				TARGETED_DEVICE_FAMILY = "1,2";
				TEST_TARGET_NAME = ScrumDinger;
			};
			name = Release;
		};
/* End XCBuildConfiguration section */

/* Begin XCConfigurationList section */
		046C2B172733B32A00003A98 /* Build configuration list for PBXProject "ScrumDinger" */ = {
			isa = XCConfigurationList;
			buildConfigurations = (
				046C2B3E2733B32F00003A98 /* Debug */,
				046C2B3F2733B32F00003A98 /* Release */,
			);
			defaultConfigurationIsVisible = 0;
			defaultConfigurationName = Release;
		};
		046C2B402733B32F00003A98 /* Build configuration list for PBXNativeTarget "ScrumDinger" */ = {
			isa = XCConfigurationList;
			buildConfigurations = (
				046C2B412733B32F00003A98 /* Debug */,
				046C2B422733B32F00003A98 /* Release */,
			);
			defaultConfigurationIsVisible = 0;
			defaultConfigurationName = Release;
		};
		046C2B432733B32F00003A98 /* Build configuration list for PBXNativeTarget "ScrumDingerTests" */ = {
			isa = XCConfigurationList;
			buildConfigurations = (
				046C2B442733B32F00003A98 /* Debug */,
				046C2B452733B32F00003A98 /* Release */,
			);
			defaultConfigurationIsVisible = 0;
			defaultConfigurationName = Release;
		};
		046C2B462733B32F00003A98 /* Build configuration list for PBXNativeTarget "ScrumDingerUITests" */ = {
			isa = XCConfigurationList;
			buildConfigurations = (
				046C2B472733B32F00003A98 /* Debug */,
				046C2B482733B32F00003A98 /* Release */,
			);
			defaultConfigurationIsVisible = 0;
			defaultConfigurationName = Release;
		};
/* End XCConfigurationList section */
	};
	rootObject = 046C2B142733B32A00003A98 /* Project object */;
}
